
Microsoft Visual Studio Solution File, Format Version 12.00
# Visual Studio Version 17
VisualStudioVersion = 17.1.32328.378
MinimumVisualStudioVersion = 10.0.40219.1
Project("{FAE04EC0-301F-11D3-BF4B-00C04F79EFBC}") = "Three or More Assignment", "Three or More Assignment\Three or More Assignment.csproj", "{04B76EBF-1CAA-44B8-B0A3-9EF84A50B2FB}"
EndProject
Global
	GlobalSection(SolutionConfigurationPlatforms) = preSolution
		Debug|Any CPU = Debug|Any CPU
		Release|Any CPU = Release|Any CPU
	EndGlobalSection
	GlobalSection(ProjectConfigurationPlatforms) = postSolution
		{04B76EBF-1CAA-44B8-B0A3-9EF84A50B2FB}.Debug|Any CPU.ActiveCfg = Debug|Any CPU
		{04B76EBF-1CAA-44B8-B0A3-9EF84A50B2FB}.Debug|Any CPU.Build.0 = Debug|Any CPU
		{04B76EBF-1CAA-44B8-B0A3-9EF84A50B2FB}.Release|Any CPU.ActiveCfg = Release|Any CPU
		{04B76EBF-1CAA-44B8-B0A3-9EF84A50B2FB}.Release|Any CPU.Build.0 = Release|Any CPU
	EndGlobalSection
	GlobalSection(SolutionProperties) = preSolution
		HideSolutionNode = FALSE
	EndGlobalSection
	GlobalSection(ExtensibilityGlobals) = postSolution
		SolutionGuid = {F545E138-CDCE-4615-9ADA-98BB08480E56}
	EndGlobalSection
EndGlobal
